
Microsoft Visual Studio Solution File, Format Version 12.00
# Visual Studio Version 17
VisualStudioVersion = 17.8.34330.188
MinimumVisualStudioVersion = 10.0.40219.1
Project("{FAE04EC0-301F-11D3-BF4B-00C04F79EFBC}") = "Jetwings", "Jetwings\Jetwings.csproj", "{55788552-4400-4AC6-8112-C1D231FAB21D}"
EndProject
Global
	GlobalSection(SolutionConfigurationPlatforms) = preSolution
		Debug|Any CPU = Debug|Any CPU
		Release|Any CPU = Release|Any CPU
	EndGlobalSection
	GlobalSection(ProjectConfigurationPlatforms) = postSolution
		{55788552-4400-4AC6-8112-C1D231FAB21D}.Debug|Any CPU.ActiveCfg = Debug|Any CPU
		{55788552-4400-4AC6-8112-C1D231FAB21D}.Debug|Any CPU.Build.0 = Debug|Any CPU
		{55788552-4400-4AC6-8112-C1D231FAB21D}.Release|Any CPU.ActiveCfg = Release|Any CPU
		{55788552-4400-4AC6-8112-C1D231FAB21D}.Release|Any CPU.Build.0 = Release|Any CPU
	EndGlobalSection
	GlobalSection(SolutionProperties) = preSolution
		HideSolutionNode = FALSE
	EndGlobalSection
	GlobalSection(ExtensibilityGlobals) = postSolution
		SolutionGuid = {1E265055-FA89-4495-8D00-7282A393C280}
	EndGlobalSection
EndGlobal
